
Microsoft Visual Studio Solution File, Format Version 12.00
# Visual Studio Version 17
VisualStudioVersion = 17.1.32319.34
MinimumVisualStudioVersion = 10.0.40219.1
Project("{FAE04EC0-301F-11D3-BF4B-00C04F79EFBC}") = "ClaseEF.ClasificadorAnimales.Web", "ClaseEF.ClasificadorAnimales.Web\ClaseEF.ClasificadorAnimales.Web.csproj", "{432FBCBA-70ED-4E29-9660-9C91B716C16B}"
EndProject
Project("{FAE04EC0-301F-11D3-BF4B-00C04F79EFBC}") = "ClaseEF.ClasificadorAnimales.Data", "ClaseEF.ClasificadorAnimales.Data\ClaseEF.ClasificadorAnimales.Data.csproj", "{EBA895B5-7136-4120-A438-81F09CD88707}"
EndProject
Project("{FAE04EC0-301F-11D3-BF4B-00C04F79EFBC}") = "ClaseEF.ClasificadorAnimales.Servicios", "ClaseEF.ClasificadorAnimales.Servicios\ClaseEF.ClasificadorAnimales.Servicios.csproj", "{19FD93A2-276A-42AF-AE80-90A4F9D39A08}"
EndProject
Global
	GlobalSection(SolutionConfigurationPlatforms) = preSolution
		Debug|Any CPU = Debug|Any CPU
		Release|Any CPU = Release|Any CPU
	EndGlobalSection
	GlobalSection(ProjectConfigurationPlatforms) = postSolution
		{432FBCBA-70ED-4E29-9660-9C91B716C16B}.Debug|Any CPU.ActiveCfg = Debug|Any CPU
		{432FBCBA-70ED-4E29-9660-9C91B716C16B}.Debug|Any CPU.Build.0 = Debug|Any CPU
		{432FBCBA-70ED-4E29-9660-9C91B716C16B}.Release|Any CPU.ActiveCfg = Release|Any CPU
		{432FBCBA-70ED-4E29-9660-9C91B716C16B}.Release|Any CPU.Build.0 = Release|Any CPU
		{EBA895B5-7136-4120-A438-81F09CD88707}.Debug|Any CPU.ActiveCfg = Debug|Any CPU
		{EBA895B5-7136-4120-A438-81F09CD88707}.Debug|Any CPU.Build.0 = Debug|Any CPU
		{EBA895B5-7136-4120-A438-81F09CD88707}.Release|Any CPU.ActiveCfg = Release|Any CPU
		{EBA895B5-7136-4120-A438-81F09CD88707}.Release|Any CPU.Build.0 = Release|Any CPU
		{19FD93A2-276A-42AF-AE80-90A4F9D39A08}.Debug|Any CPU.ActiveCfg = Debug|Any CPU
		{19FD93A2-276A-42AF-AE80-90A4F9D39A08}.Debug|Any CPU.Build.0 = Debug|Any CPU
		{19FD93A2-276A-42AF-AE80-90A4F9D39A08}.Release|Any CPU.ActiveCfg = Release|Any CPU
		{19FD93A2-276A-42AF-AE80-90A4F9D39A08}.Release|Any CPU.Build.0 = Release|Any CPU
	EndGlobalSection
	GlobalSection(SolutionProperties) = preSolution
		HideSolutionNode = FALSE
	EndGlobalSection
	GlobalSection(ExtensibilityGlobals) = postSolution
		SolutionGuid = {C30E5224-5D43-4624-989C-997535A4AF08}
	EndGlobalSection
EndGlobal
